
Microsoft Visual Studio Solution File, Format Version 12.00
# Visual Studio 15
VisualStudioVersion = 15.0.36001.139
MinimumVisualStudioVersion = 10.0.40219.1
Project("{8BC9CEB8-8B4A-11D0-8D11-00A0C91BC942}") = "TxFMonitorMinifilter", "TxFMonitorMinifilter\TxFMonitorMinifilter.vcxproj", "{79F80EF2-80ED-4CCB-A103-94C958BB6331}"
EndProject
Global
	GlobalSection(SolutionConfigurationPlatforms) = preSolution
		Debug|ARM = Debug|ARM
		Debug|ARM64 = Debug|ARM64
		Debug|x64 = Debug|x64
		Debug|x86 = Debug|x86
		Release|ARM = Release|ARM
		Release|ARM64 = Release|ARM64
		Release|x64 = Release|x64
		Release|x86 = Release|x86
	EndGlobalSection
	GlobalSection(ProjectConfigurationPlatforms) = postSolution
		{79F80EF2-80ED-4CCB-A103-94C958BB6331}.Debug|ARM.ActiveCfg = Debug|ARM
		{79F80EF2-80ED-4CCB-A103-94C958BB6331}.Debug|ARM.Build.0 = Debug|ARM
		{79F80EF2-80ED-4CCB-A103-94C958BB6331}.Debug|ARM.Deploy.0 = Debug|ARM
		{79F80EF2-80ED-4CCB-A103-94C958BB6331}.Debug|ARM64.ActiveCfg = Debug|ARM64
		{79F80EF2-80ED-4CCB-A103-94C958BB6331}.Debug|ARM64.Build.0 = Debug|ARM64
		{79F80EF2-80ED-4CCB-A103-94C958BB6331}.Debug|ARM64.Deploy.0 = Debug|ARM64
		{79F80EF2-80ED-4CCB-A103-94C958BB6331}.Debug|x64.ActiveCfg = Debug|x64
		{79F80EF2-80ED-4CCB-A103-94C958BB6331}.Debug|x64.Build.0 = Debug|x64
		{79F80EF2-80ED-4CCB-A103-94C958BB6331}.Debug|x64.Deploy.0 = Debug|x64
		{79F80EF2-80ED-4CCB-A103-94C958BB6331}.Debug|x86.ActiveCfg = Debug|Win32
		{79F80EF2-80ED-4CCB-A103-94C958BB6331}.Debug|x86.Build.0 = Debug|Win32
		{79F80EF2-80ED-4CCB-A103-94C958BB6331}.Debug|x86.Deploy.0 = Debug|Win32
		{79F80EF2-80ED-4CCB-A103-94C958BB6331}.Release|ARM.ActiveCfg = Release|ARM
		{79F80EF2-80ED-4CCB-A103-94C958BB6331}.Release|ARM.Build.0 = Release|ARM
		{79F80EF2-80ED-4CCB-A103-94C958BB6331}.Release|ARM.Deploy.0 = Release|ARM
		{79F80EF2-80ED-4CCB-A103-94C958BB6331}.Release|ARM64.ActiveCfg = Release|ARM64
		{79F80EF2-80ED-4CCB-A103-94C958BB6331}.Release|ARM64.Build.0 = Release|ARM64
		{79F80EF2-80ED-4CCB-A103-94C958BB6331}.Release|ARM64.Deploy.0 = Release|ARM64
		{79F80EF2-80ED-4CCB-A103-94C958BB6331}.Release|x64.ActiveCfg = Release|x64
		{79F80EF2-80ED-4CCB-A103-94C958BB6331}.Release|x64.Build.0 = Release|x64
		{79F80EF2-80ED-4CCB-A103-94C958BB6331}.Release|x64.Deploy.0 = Release|x64
		{79F80EF2-80ED-4CCB-A103-94C958BB6331}.Release|x86.ActiveCfg = Release|Win32
		{79F80EF2-80ED-4CCB-A103-94C958BB6331}.Release|x86.Build.0 = Release|Win32
		{79F80EF2-80ED-4CCB-A103-94C958BB6331}.Release|x86.Deploy.0 = Release|Win32
	EndGlobalSection
	GlobalSection(SolutionProperties) = preSolution
		HideSolutionNode = FALSE
	EndGlobalSection
	GlobalSection(ExtensibilityGlobals) = postSolution
		SolutionGuid = {2B7E47DA-853A-487F-AA62-1D16B39131BF}
	EndGlobalSection
EndGlobal
